
Microsoft Visual Studio Solution File, Format Version 12.00
# Visual Studio Version 16
VisualStudioVersion = 16.0.31624.102
MinimumVisualStudioVersion = 10.0.40219.1
Project("{9A19103F-16F7-4668-BE54-9A1E7A4F7556}") = "AcmeFunEvents", "AcmeFunEvents\AcmeFunEvents.csproj", "{A17EEB41-BE36-4D82-8351-728CB34D602A}"
EndProject
Project("{FAE04EC0-301F-11D3-BF4B-00C04F79EFBC}") = "Testing", "Testing\Testing.csproj", "{DC8D29FF-1B34-4C81-A6B5-5F3083C95EED}"
EndProject
Global
	GlobalSection(SolutionConfigurationPlatforms) = preSolution
		Debug|Any CPU = Debug|Any CPU
		Release|Any CPU = Release|Any CPU
	EndGlobalSection
	GlobalSection(ProjectConfigurationPlatforms) = postSolution
		{A17EEB41-BE36-4D82-8351-728CB34D602A}.Debug|Any CPU.ActiveCfg = Debug|Any CPU
		{A17EEB41-BE36-4D82-8351-728CB34D602A}.Debug|Any CPU.Build.0 = Debug|Any CPU
		{A17EEB41-BE36-4D82-8351-728CB34D602A}.Release|Any CPU.ActiveCfg = Release|Any CPU
		{A17EEB41-BE36-4D82-8351-728CB34D602A}.Release|Any CPU.Build.0 = Release|Any CPU
		{DC8D29FF-1B34-4C81-A6B5-5F3083C95EED}.Debug|Any CPU.ActiveCfg = Debug|Any CPU
		{DC8D29FF-1B34-4C81-A6B5-5F3083C95EED}.Debug|Any CPU.Build.0 = Debug|Any CPU
		{DC8D29FF-1B34-4C81-A6B5-5F3083C95EED}.Release|Any CPU.ActiveCfg = Release|Any CPU
		{DC8D29FF-1B34-4C81-A6B5-5F3083C95EED}.Release|Any CPU.Build.0 = Release|Any CPU
	EndGlobalSection
	GlobalSection(SolutionProperties) = preSolution
		HideSolutionNode = FALSE
	EndGlobalSection
	GlobalSection(ExtensibilityGlobals) = postSolution
		SolutionGuid = {C9AAC431-A5AA-4C3C-8C9E-DA642F5B9A71}
	EndGlobalSection
EndGlobal
